PODS:
  - Alamofire (4.6.0)
  - HandyJSON (4.0.0-beta.1)
  - Kingfisher (4.6.2)
  - MJRefresh (3.1.15.3)
  - Moya/Core (11.0.1):
    - Alamofire (~> 4.1)
    - Result (~> 3.0)
  - Moya/RxSwift (11.0.1):
    - Moya/Core
    - RxSwift (~> 4.0)
  - PKHUD (5.0.0)
  - Result (3.2.4)
  - RxSwift (4.1.2)
  - SnapKit (4.0.0)
  - SVProgressHUD (2.2.5)
  - TTTAttributedLabel (2.0.0)

DEPENDENCIES:
  - HandyJSON (~> 4.0.0-beta.1)
  - Kingfisher
  - MJRefresh
  - Moya/RxSwift
  - PKHUD
  - Result
  - RxSwift (~> 4.0)
  - SnapKit
  - SVProgressHUD
  - TTTAttributedLabel

SPEC CHECKSUMS:
  Alamofire: f41a599bd63041760b26d393ec1069d9d7b917f4
  HandyJSON: 428bb18e2c34c2a77361accebf90cf64e4f74118
  Kingfisher: 55b9c395bf8d3949676ad3861111923990ab68cf
  MJRefresh: b48380ae2b927b46c4ef000de9adb8dc748e1df7
  Moya: 3d594ada51a21cc02b18739ab578a1984f900c8a
  PKHUD: 3c001512c6e002091184197a8de7a20420786e3b
  Result: d2d07204ce72856f1fd9130bbe42c35a7b0fea10
  RxSwift: e49536837d9901277638493ea537394d4b55f570
  SnapKit: a42d492c16e80209130a3379f73596c3454b7694
  SVProgressHUD: 1428aafac632c1f86f62aa4243ec12008d7a51d6
  TTTAttributedLabel: 8cffe8e127e4e82ff3af1e5386d4cd0ad000b656

PODFILE CHECKSUM: 5b0968567845f34755f0c7e110eeaf268786d3e9

COCOAPODS: 1.4.0
